github.com/AllenDang/w32 v0.0.0-20170622012957-9a4ee0f7d224/go.mod h1:1rHKulT5eD2DzdKxDXUZRKtBfkTzLmTL42ZmEmOfyrs=
github.com/AllenDang/w32 v0.0.0-20180428130237-ad0a36d80adc h1:w3fW4b1hPf6/cfdQQ/vu9V8eBeQmuLZIaUMj81nIzYQ=
github.com/AllenDang/w32 v0.0.0-20180428130237-ad0a36d80adc/go.mod h1:1rHKulT5eD2DzdKxDXUZRKtBfkTzLmTL42ZmEmOfyrs=
github.com/BurntSushi/freetype-go v0.0.0-20160129220410-b763ddbfe298/go.mod h1:D+QujdIlUNfa0igpNMk6UIvlb6C252URs4yupRUV4lQ=
github.com/BurntSushi/graphics-go v0.0.0-20160129215708-b43f31a4a966/go.mod h1:Mid70uvE93zn9wgF92A/r5ixgnvX8Lh68fxp9KQBaI0=
github.com/BurntSushi/xgb v0.0.0-20160522181843-27f122750802/go.mod h1:IVnqGOEym/WlBOVXweHU+Q+/VP0lqqI8lqeDx9IjBqo=
github.com/BurntSushi/xgbutil v0.0.0-20160919175755-f7c97cef3b4e/go.mod h1:uw9h2sd4WWHOPdJ13MQpwK5qYWKYDumDqxWWIknEQ+k=
github.com/TheTitanrain/w32 v0.0.0-20180517000239-4f5cfb03fabf h1:FPsprx82rdrX2jiKyS17BH6IrTmUBYqZa/CXT4uvb+I=
github.com/TheTitanrain/w32 v0.0.0-20180517000239-4f5cfb03fabf/go.mod h1:peYoMncQljjNS6tZwI9WVyQB3qZS6u79/N3mBOcnd3I=
github.com/davecgh/go-spew v1.1.0/go.mod h1:J7Y8YcW2NihsgmVo/mv3lAwl/skON4iLHjSsI+c5H38=
github.com/davecgh/go-spew v1.1.1/go.mod h1:J7Y8YcW2NihsgmVo/mv3lAwl/skON4iLHjSsI+c5H38=
github.com/galaco/KeyValues v1.2.3 h1:WT7P+Djq+7903zLnnw/yyjSxVORwm8NBeI6gYHfzwxE=
github.com/galaco/KeyValues v1.2.3/go.mod h1:EByNBjnai9BpKGMykvBD3G28R+L6OubVnRkvZrYxP2Y=
github.com/galaco/KeyValues v1.3.0 h1:ahNJWGMWfZZwSKBFr8bPsz5qz3G1DzrtQzswM+dAB3w=
github.com/galaco/KeyValues v1.3.0/go.mod h1:EByNBjnai9BpKGMykvBD3G28R+L6OubVnRkvZrYxP2Y=
github.com/galaco/KeyValues v1.3.1 h1:Mka6aZcMSrFawDAGTk7Y0mKHTlGmqiqfz1zIaHs5jYc=
github.com/galaco/KeyValues v1.3.1/go.mod h1:EByNBjnai9BpKGMykvBD3G28R+L6OubVnRkvZrYxP2Y=
github.com/galaco/Lambda-Core v0.1.0 h1:2hxgggvQUbF5HoFUAbDaoXey1By9DFZ3z7RiPaw7LQA=
github.com/galaco/Lambda-Core v0.1.0/go.mod h1:/tLp69JLf3aNHtV76RQFwv8/oXtLk1m1+p0SahUVHqQ=
github.com/galaco/Lambda-Core v0.2.0 h1:g2Ks2EzL1uiHb9kPL+4spNbOe6tCpPBWA3aIoRMyvPY=
github.com/galaco/Lambda-Core v0.2.0/go.mod h1:/tLp69JLf3aNHtV76RQFwv8/oXtLk1m1+p0SahUVHqQ=
github.com/galaco/Lambda-Core v0.2.1 h1:18FtYnlxbvnNUzLbSwLq/HgdgWnWK0v2Hy4yLxtfHGg=
github.com/galaco/Lambda-Core v0.2.1/go.mod h1:/tLp69JLf3aNHtV76RQFwv8/oXtLk1m1+p0SahUVHqQ=
github.com/galaco/Lambda-Core v0.3.0 h1:R25/wbft6P4Rwa35KWKJ5d1mwLlfh1kjX4phZNdmkUQ=
github.com/galaco/Lambda-Core v0.3.0/go.mod h1:H+ir5q61am4L0as5Uh5YZrqQU1LkLhS0laJGbL2TbT8=
github.com/galaco/StudioModel v0.0.0-20181028212841-5b8408bcc2af/go.mod h1:TyLwCRckWSsaQhePyfTOwfSXlEUJ411MwYaVkbPwOMo=
github.com/galaco/StudioModel v0.0.0-20190212204017-d0486bcd90ed/go.mod h1:kMK3O6si6tHlxuxYvUAOuPsINUq00i+N5FqusJqaEvs=
github.com/galaco/StudioModel v0.1.0/go.mod h1:kMK3O6si6tHlxuxYvUAOuPsINUq00i+N5FqusJqaEvs=
github.com/galaco/bsp v0.1.2 h1:CFejzoNYfHpWuXNFj+iYAhSS1BovWmDfqa9rVjYGNCg=
github.com/galaco/bsp v0.1.2/go.mod h1:RcrH7F/FezUOMXKWuYyWYwrHdamdvFxZqD2lg8LFcnc=
github.com/galaco/gosigl v0.0.0-20181228204141-a4f1befcc399 h1:ZOSnaTmoxPbJRB3F74zvyCjhLrNXLkqaHizepSDz/rw=
github.com/galaco/gosigl v0.0.0-20181228204141-a4f1befcc399/go.mod h1:bo6fzFnd9DxiwROJFDQ19WrqtSbzRJbJcOTv6lO7lAk=
github.com/galaco/gosigl v0.0.0-20190218114618-7d72bfe172dc h1:d/3i9m9jtsHfORpsrL5ccBg7VVoBv5zdApMtgTB+9zw=
github.com/galaco/gosigl v0.0.0-20190218114618-7d72bfe172dc/go.mod h1:bo6fzFnd9DxiwROJFDQ19WrqtSbzRJbJcOTv6lO7lAk=
github.com/galaco/imgui-go v1.3.0 h1:8zj7ZgHRwEbCueG6rF5QkJSy9AIsgYRI9DYZfDCEmEI=
github.com/galaco/imgui-go v1.3.0/go.mod h1:Zim0HXzpe4X+h86Rmho3KDKNuQneU2EPp4ONfmk/2wQ=
github.com/galaco/imgui-layouts v0.0.0-20190129194952-d0ce9f8a5a5c/go.mod h1:xsCfdqYd7QHxKQ9MdQEMy8zUWVcF5YFCXT4jkNI1gt4=
github.com/galaco/packrect v0.0.0-20190106134957-d6cd1e9d06f9/go.mod h1:1QOQWDBGRc6sT0tglK344YodNuAGsj6WPqZXzzpv6f4=
github.com/galaco/packrect v0.0.0-20190112190119-9e2d67f8fa37 h1:9lAWZWuLo8dMG907qrgciO+hgR826eA6foqvHboEpUw=
github.com/galaco/packrect v0.0.0-20190112190119-9e2d67f8fa37/go.mod h1:1QOQWDBGRc6sT0tglK344YodNuAGsj6WPqZXzzpv6f4=
github.com/galaco/source-tools-common v0.0.0-20181114203108-b70b8e75c546 h1:zWNJVV0bFq+/O7nMK+AJfCXCD4V5vhwukgt/F9TeBa0=
github.com/galaco/source-tools-common v0.0.0-20181114203108-b70b8e75c546/go.mod h1:vcKoSJ6VLGuLDPp2ptTTb1J7D51w5+t02EqlNtwMDLI=
github.com/galaco/source-tools-common v0.0.0-20190112113846-b5034dc3fa3a h1:/OaK/0cDccyC/zxZGUTSIS1NZFvpcy+uZFz9S9/vNBw=
github.com/galaco/source-tools-common v0.0.0-20190112113846-b5034dc3fa3a/go.mod h1:vcKoSJ6VLGuLDPp2ptTTb1J7D51w5+t02EqlNtwMDLI=
github.com/galaco/source-tools-common v0.0.0-20190112121435-c9332f4bd668 h1:+L3TJlYxqMm1TufOMHER4da/DtlGKi7ga6rJ3myoXpw=
github.com/galaco/source-tools-common v0.0.0-20190112121435-c9332f4bd668/go.mod h1:HjX6NiGjstPxbI0IYVqxmWtnguuJoj5Zp2bmzt4inb8=
github.com/galaco/source-tools-common v0.1.0 h1:NHhsoSKL42dfFKnfRI2D/3um0tbNLVP2ZAWNoEGPMNM=
github.com/galaco/source-tools-common v0.1.0/go.mod h1:+TApRVomBN759va2qrv5GaLuCaK2AWxR0tn9oc2U73Q=
github.com/galaco/vmf v0.0.0-20180309175744-7a9ccb6e8abb h1:15XPqvxG/llf53op1m6Dy4CDiZ+DUvnqc1IEqHdxxN4=
github.com/galaco/vmf v0.0.0-20180309175744-7a9ccb6e8abb/go.mod h1:+hpnZQBHJ5xrERgGMr6f/KO0ZkxEkrvjqr3RI9aNHes=
github.com/galaco/vmf v1.0.0 h1:7HiZS3TzgaBzbArBtN7BLdLW2ycc2t5MuK+9YaCDkns=
github.com/galaco/vmf v1.0.0/go.mod h1:+hpnZQBHJ5xrERgGMr6f/KO0ZkxEkrvjqr3RI9aNHes=
github.com/galaco/vpk2 v0.0.0-20181012095330-21e4d1f6c888 h1:QCMt6AZ5gwsJ3SNsvTULg/xjZIfmcbRWv6BBnkYNOWI=
github.com/galaco/vpk2 v0.0.0-20181012095330-21e4d1f6c888/go.mod h1:jL22XAWuUlYUmONuamxDdbDlGJhuOFkqNRPJwuBA3X8=
github.com/galaco/vtf v1.0.0 h1:aAisl6NBBzBqCzZd9fsgiQLcTHSNbR3DG3BP5toUeSc=
github.com/galaco/vtf v1.0.0/go.mod h1:/qXLzN9Et3Ed61RUR4rYXO/eMMFgvEyc4opw/Nw6xkM=
github.com/galaco/vtf v1.0.1 h1:hAox96xMdZhStSSCjiokPTjzM9fYIIteuQz/HZNs8rA=
github.com/galaco/vtf v1.0.1/go.mod h1:/qXLzN9Et3Ed61RUR4rYXO/eMMFgvEyc4opw/Nw6xkM=
github.com/gmacd/go-bgfx v0.0.0-20150831131340-e2d56416c25a h1:bRgkjAKKFYsj+tqTfJ+7QqZCT9RJvCfpSmA+kub6AL4=
github.com/gmacd/go-bgfx v0.0.0-20150831131340-e2d56416c25a/go.mod h1:w7V0NI/0tbSyAXn/C0mgcvupLhmo2COyUSftm+qatgQ=
github.com/go-gl/gl v0.0.0-20181026044259-55b76b7df9d2 h1:78Hza2KHn2PX1jdydQnffaU2A/xM0g3Nx1xmMdep9Gk=
github.com/go-gl/gl v0.0.0-20181026044259-55b76b7df9d2/go.mod h1:482civXOzJJCPzJ4ZOX/pwvXBWSnzD4OKMdH4ClKGbk=
github.com/go-gl/glfw v0.0.0-20181213070059-819e8ce5125f/go.mod h1:vR7hzQXu2zJy9AVAgeJqvqgH9Q5CA+iKCZ2gyEVpxRU=
github.com/go-gl/glfw v0.0.0-20190217072633-93b30450e032/go.mod h1:vR7hzQXu2zJy9AVAgeJqvqgH9Q5CA+iKCZ2gyEVpxRU=
github.com/go-gl/glfw v0.0.0-20190217223436-93b30450e032/go.mod h1:vR7hzQXu2zJy9AVAgeJqvqgH9Q5CA+iKCZ2gyEVpxRU=
github.com/go-gl/mathgl v0.0.0-20180804195959-cdf14b6b8f8a h1:2n5w2v3knlspzjJWyQPC0j88Mwvq0SZV0Jdws34GJwc=
github.com/go-gl/mathgl v0.0.0-20180804195959-cdf14b6b8f8a/go.mod h1:dvrdneKbyWbK2skTda0nM4B9zSlS2GZSnjX7itr/skQ=
github.com/gotk3/gotk3 v0.0.0-20190213044432-19a4bd53683f h1:1KZtAagOhwAmKCkTJrPWpP1+5nIQq1b+RFk1AO5h+kw=
github.com/gotk3/gotk3 v0.0.0-20190213044432-19a4bd53683f/go.mod h1:Eew3QBwAOBTrfFFDmsDE5wZWbcagBL1NUslj1GhRveo=
github.com/gotk3/gotk3 v0.0.0-20190215151738-24002f352641/go.mod h1:Eew3QBwAOBTrfFFDmsDE5wZWbcagBL1NUslj1GhRveo=
github.com/inkyblackness/imgui-go v1.3.0 h1:0P8vurDL0ZnRjeo2PYkYcQhS/5NWbEPj1w54wqGCHG4=
github.com/inkyblackness/imgui-go v1.3.0/go.mod h1:/qnwYnJnAAUR1JW1/+wIMhC6HnHZON4iGuL+aqTvKxI=
github.com/inkyblackness/imgui-go v1.5.0 h1:qltXBUGlqHwTakAQ+65Kz28slTOxjIhxn9QLHO8uIaA=
github.com/inkyblackness/imgui-go v1.5.0/go.mod h1:Mki1fp0SBQ0dq2wkAPKjI3Zod0fgpEFsPM9cGUoCNi8=
github.com/inkyblackness/imgui-go v1.6.0 h1:zakDnWn1dLxyV0z6Ls1w6f3eCJpJBmG4zjx4lGKqCcQ=
github.com/inkyblackness/imgui-go v1.6.0/go.mod h1:Mki1fp0SBQ0dq2wkAPKjI3Zod0fgpEFsPM9cGUoCNi8=
github.com/james4k/go-bgfx v0.0.0-20141026034758-5b19e040f0f8 h1:svwNzW1d9V/MI5aGQnXX+GlhITTFasy/3ZobOlHUBC0=
github.com/james4k/go-bgfx v0.0.0-20141026034758-5b19e040f0f8/go.mod h1:TlNQdGxMrGEHeQgQukzgY0QaTjnJXbb4rebnfIBE2TA=
github.com/logrusorgru/aurora v0.0.0-20181002194514-a7b3b318ed4e h1:9MlwzLdW7QSDrhDjFlsEYmxpFyIoXmYRon3dt0io31k=
github.com/logrusorgru/aurora v0.0.0-20181002194514-a7b3b318ed4e/go.mod h1:7rIyQOR62GCctdiQpZ/zOJlFyk6y+94wXzv6RNZgaR4=
github.com/mattn/go-gtk v0.0.0-20180216084204-5a311a1830ab/go.mod h1:PwzwfeB5syFHXORC3MtPylVcjIoTDT/9cvkKpEndGVI=
github.com/mattn/go-gtk v0.0.0-20181205025739-e9a6766929f6 h1:cIH2UrZrjFFpzc5vjmT30rpDRCyx78J7EnJAFQsm0gg=
github.com/mattn/go-gtk v0.0.0-20181205025739-e9a6766929f6/go.mod h1:PwzwfeB5syFHXORC3MtPylVcjIoTDT/9cvkKpEndGVI=
github.com/mattn/go-pointer v0.0.0-20171114154726-1d30dc4b6f28/go.mod h1:2zXcozF6qYGgmsG+SeTZz3oAbFLdD3OWqnUbNvJZAlc=
github.com/mattn/go-pointer v0.0.0-20180825124634-49522c3f3791 h1:PfHMsLQJwoc0ccjK0sam6J0wQo4s8mOuAo2yQGw+T2U=
github.com/mattn/go-pointer v0.0.0-20180825124634-49522c3f3791/go.mod h1:2zXcozF6qYGgmsG+SeTZz3oAbFLdD3OWqnUbNvJZAlc=
github.com/pmezard/go-difflib v1.0.0/go.mod h1:iKH77koFhYxTK1pcRnkKkqfTogsbg7gZNVY4sRDYZ/4=
github.com/skelterjohn/go.wde v0.0.0-20180104102407-a0324cbf3ffe/go.mod h1:zXxNsJHeUYIqpg890APBNEn9GoCbA4Cdnvuv3mx4fBk=
github.com/sqweek/dialog v0.0.0-20180909141952-8b7906c2c196 h1:pGRry1F/OWuTp+niREJMWMVRKX1YoUriNcqq130XoR4=
github.com/sqweek/dialog v0.0.0-20180909141952-8b7906c2c196/go.mod h1:Kc6/c797JhtafidksHLY90OFQnih/fEo+JAERhKxcLY=
github.com/sqweek/dialog v0.0.0-20190119053146-f33030e0fda5 h1:1fOhBzy74IPGDEr5zogMEMdwVVPQs1F+/7HJIp9YrXc=
github.com/sqweek/dialog v0.0.0-20190119053146-f33030e0fda5/go.mod h1:QSrNdZLZB8VoFPGlZ2vDuA2oNaVdhld3g0PZLc7soX8=
github.com/sqweek/dialog v0.0.0-20190209060818-302ed2f52949 h1:hBERZWGksUd5oys5M17stMtQxOwmsyQiA7XTowK5CPs=
github.com/sqweek/dialog v0.0.0-20190209060818-302ed2f52949/go.mod h1:QSrNdZLZB8VoFPGlZ2vDuA2oNaVdhld3g0PZLc7soX8=
github.com/stretchr/objx v0.1.0/go.mod h1:HFkY916IF+rwdDfMAkV7OtwuqBVzrE8GR6GFx+wExME=
github.com/stretchr/objx v0.1.1/go.mod h1:HFkY916IF+rwdDfMAkV7OtwuqBVzrE8GR6GFx+wExME=
github.com/stretchr/testify v1.3.0/go.mod h1:M5WIy9Dh21IEIfnGCwXGc5bZfKNJtfHm1UVUgZn+9EI=
github.com/vulkan-go/glfw v0.0.0-20180930191036-cac57eedc4a5 h1:m2ubjBfoVgaHlyMAeZZYetN8HKDv+BQBgmbMN3XIMjY=
github.com/vulkan-go/glfw v0.0.0-20180930191036-cac57eedc4a5/go.mod h1:qui9jo5J26j9fXv2x3bySGThxYkQZt4SgsPIZRtZAbQ=
golang.org/x/image v0.0.0-20181116024801-cd38e8056d9b h1:VHyIDlv3XkfCa5/a81uzaoDkHH4rr81Z62g+xlnO8uM=
golang.org/x/image v0.0.0-20181116024801-cd38e8056d9b/go.mod h1:ux5Hcp/YLpHSI86hEcLt0YII63i6oz57MZXIpbrjZUs=
golang.org/x/image v0.0.0-20181206121112-cd38e8056d9b h1:9WPnadh+EKSlC7bAQtFhmNxmx/rQOj35pa7nFj6b/Dw=
golang.org/x/image v0.0.0-20181206121112-cd38e8056d9b/go.mod h1:ux5Hcp/YLpHSI86hEcLt0YII63i6oz57MZXIpbrjZUs=
golang.org/x/image v0.0.0-20190118043309-183bebdce1b2 h1:FNSSV4jv1PrPsiM2iKGpqLPPgYACqh9Muav7Pollk1k=
golang.org/x/image v0.0.0-20190118043309-183bebdce1b2/go.mod h1:ux5Hcp/YLpHSI86hEcLt0YII63i6oz57MZXIpbrjZUs=
golang.org/x/image v0.0.0-20190209060608-ef4a1470e0dc h1:P8UBp9iv2ZY5xjf9rnwI9s/hywlCgyKzpLsfk30IVyw=
golang.org/x/image v0.0.0-20190209060608-ef4a1470e0dc/go.mod h1:ux5Hcp/YLpHSI86hEcLt0YII63i6oz57MZXIpbrjZUs=
